# THIS IS AN AUTOGENERATED FILE. DO NOT EDIT THIS FILE DIRECTLY.
# yarn lockfile v1


v8-android@~9.88.0:
  version "9.88.0"
  resolved "https://registry.yarnpkg.com/v8-android/-/v8-android-9.88.0.tgz#ecb8e4426d6e68837d70eb71f209626bb0d3c575"
  integrity sha512-KUnCspxD/7h2Gl7a8OhVd+8UWGPqmCDXwT3PORa32HXk+BK2KBKS+jnd0Eyccv4sSawfQM62iZGghb+8KOuJbw==
