# THIS IS AN AUTOGENERATED FILE. DO NOT EDIT THIS FILE DIRECTLY.
# yarn lockfile v1


v8-android@10.100.1:
  version "10.100.1"
  resolved "https://registry.yarnpkg.com/v8-android/-/v8-android-10.100.1.tgz#eebf0b21bbbba0fd167aa9cf6c56ad928dc2575f"
  integrity sha512-YuvItPAq7Rn5KqgWcHUuIbVGKwNdWmCsIETWeq+pcvTP7dkj2GPhfWdZkUEBb9bTPjx8taapf7ekHhGmgw0GfA==
