# THIS IS AN AUTOGENERATED FILE. DO NOT EDIT THIS FILE DIRECTLY.
# yarn lockfile v1


v8-android@~9.93.0:
  version "9.93.0"
  resolved "https://registry.yarnpkg.com/v8-android/-/v8-android-9.93.0.tgz#f25f2aa6b6adb24262cd3808f887013614f5d1d9"
  integrity sha512-+TEKgBhsgu2nTjIDQVqDzW4RJ9daqjOm+PXisItIJnWDjnQ6fKwuo5QaN1hk/j95+THWZDRBKCtYO2N+ESPDOg==
